
Microsoft Visual Studio Solution File, Format Version 12.00
# Visual Studio Version 17
VisualStudioVersion = 17.2.32602.215
MinimumVisualStudioVersion = 10.0.40219.1
Project("{FAE04EC0-301F-11D3-BF4B-00C04F79EFBC}") = "App1", "App1\App1.csproj", "{3CCF0D11-744D-4E97-9067-2D5F70160428}"
EndProject
Global
	GlobalSection(SolutionConfigurationPlatforms) = preSolution
		Debug|ARM = Debug|ARM
		Debug|ARM64 = Debug|ARM64
		Debug|x64 = Debug|x64
		Debug|x86 = Debug|x86
		Release|ARM = Release|ARM
		Release|ARM64 = Release|ARM64
		Release|x64 = Release|x64
		Release|x86 = Release|x86
	EndGlobalSection
	GlobalSection(ProjectConfigurationPlatforms) = postSolution
		{3CCF0D11-744D-4E97-9067-2D5F70160428}.Debug|ARM.ActiveCfg = Debug|ARM
		{3CCF0D11-744D-4E97-9067-2D5F70160428}.Debug|ARM.Build.0 = Debug|ARM
		{3CCF0D11-744D-4E97-9067-2D5F70160428}.Debug|ARM.Deploy.0 = Debug|ARM
		{3CCF0D11-744D-4E97-9067-2D5F70160428}.Debug|ARM64.ActiveCfg = Debug|ARM64
		{3CCF0D11-744D-4E97-9067-2D5F70160428}.Debug|ARM64.Build.0 = Debug|ARM64
		{3CCF0D11-744D-4E97-9067-2D5F70160428}.Debug|ARM64.Deploy.0 = Debug|ARM64
		{3CCF0D11-744D-4E97-9067-2D5F70160428}.Debug|x64.ActiveCfg = Debug|x64
		{3CCF0D11-744D-4E97-9067-2D5F70160428}.Debug|x64.Build.0 = Debug|x64
		{3CCF0D11-744D-4E97-9067-2D5F70160428}.Debug|x64.Deploy.0 = Debug|x64
		{3CCF0D11-744D-4E97-9067-2D5F70160428}.Debug|x86.ActiveCfg = Debug|x86
		{3CCF0D11-744D-4E97-9067-2D5F70160428}.Debug|x86.Build.0 = Debug|x86
		{3CCF0D11-744D-4E97-9067-2D5F70160428}.Debug|x86.Deploy.0 = Debug|x86
		{3CCF0D11-744D-4E97-9067-2D5F70160428}.Release|ARM.ActiveCfg = Release|ARM
		{3CCF0D11-744D-4E97-9067-2D5F70160428}.Release|ARM.Build.0 = Release|ARM
		{3CCF0D11-744D-4E97-9067-2D5F70160428}.Release|ARM.Deploy.0 = Release|ARM
		{3CCF0D11-744D-4E97-9067-2D5F70160428}.Release|ARM64.ActiveCfg = Release|ARM64
		{3CCF0D11-744D-4E97-9067-2D5F70160428}.Release|ARM64.Build.0 = Release|ARM64
		{3CCF0D11-744D-4E97-9067-2D5F70160428}.Release|ARM64.Deploy.0 = Release|ARM64
		{3CCF0D11-744D-4E97-9067-2D5F70160428}.Release|x64.ActiveCfg = Release|x64
		{3CCF0D11-744D-4E97-9067-2D5F70160428}.Release|x64.Build.0 = Release|x64
		{3CCF0D11-744D-4E97-9067-2D5F70160428}.Release|x64.Deploy.0 = Release|x64
		{3CCF0D11-744D-4E97-9067-2D5F70160428}.Release|x86.ActiveCfg = Release|x86
		{3CCF0D11-744D-4E97-9067-2D5F70160428}.Release|x86.Build.0 = Release|x86
		{3CCF0D11-744D-4E97-9067-2D5F70160428}.Release|x86.Deploy.0 = Release|x86
	EndGlobalSection
	GlobalSection(SolutionProperties) = preSolution
		HideSolutionNode = FALSE
	EndGlobalSection
	GlobalSection(ExtensibilityGlobals) = postSolution
		SolutionGuid = {9162CD5C-548A-483A-9316-EADB3B24BF38}
	EndGlobalSection
EndGlobal
